{
  "name": "pacman-arcade",
  "version": "0.1.0",
  "lockfileVersion": 3,
  "requires": true,
  "packages": {
    "": {
      "name": "pacman-arcade",
      "version": "0.1.0",
      "license": "UNLICENSED",
      "devDependencies": {
        "z80-emulator": "^2.3.0"
      }
    },
    "node_modules/z80-base": {
      "version": "2.0.1",
      "resolved": "https://registry.npmjs.org/z80-base/-/z80-base-2.0.1.tgz",
      "integrity": "sha512-Zflx/2fATJ1cMXiiqBFbOadHvC12Yg12CHCiEGGaOnkA18SxRVCiBDpNRuYm7MGGHdBlDTwdlDS8Ga4OC0G88A==",
      "deprecated": "No longer published to npm; see https://github.com/lkesteloot/trs80",
      "dev": true,
      "license": "MIT"
    },
    "node_modules/z80-emulator": {
      "version": "2.3.0",
      "resolved": "https://registry.npmjs.org/z80-emulator/-/z80-emulator-2.3.0.tgz",
      "integrity": "sha512-+tFFzTuarvgORru5N9LC6RREOkayrsX4ADHxi+mPXPSQGXJzDzde3j5g+zp88LucLOI4ZQCj5VqPF/YjqW9GNw==",
      "deprecated": "No longer published to npm; see https://github.com/lkesteloot/trs80",
      "dev": true,
      "license": "MIT",
      "dependencies": {
        "z80-base": "^2.0.1"
      }
    }
  }
}
